
Microsoft Visual Studio Solution File, Format Version 12.00
# Visual Studio Version 17
VisualStudioVersion = 17.10.34916.146
MinimumVisualStudioVersion = 10.0.40219.1
Project("{FAE04EC0-301F-11D3-BF4B-00C04F79EFBC}") = "PM2E12272", "PM2E12272.csproj", "{2505B005-A219-4CB2-BDDE-C76030087C30}"
EndProject
Global
	GlobalSection(SolutionConfigurationPlatforms) = preSolution
		Debug|Any CPU = Debug|Any CPU
		Release|Any CPU = Release|Any CPU
	EndGlobalSection
	GlobalSection(ProjectConfigurationPlatforms) = postSolution
		{2505B005-A219-4CB2-BDDE-C76030087C30}.Debug|Any CPU.ActiveCfg = Debug|Any CPU
		{2505B005-A219-4CB2-BDDE-C76030087C30}.Debug|Any CPU.Build.0 = Debug|Any CPU
		{2505B005-A219-4CB2-BDDE-C76030087C30}.Debug|Any CPU.Deploy.0 = Debug|Any CPU
		{2505B005-A219-4CB2-BDDE-C76030087C30}.Release|Any CPU.ActiveCfg = Release|Any CPU
		{2505B005-A219-4CB2-BDDE-C76030087C30}.Release|Any CPU.Build.0 = Release|Any CPU
		{2505B005-A219-4CB2-BDDE-C76030087C30}.Release|Any CPU.Deploy.0 = Release|Any CPU
	EndGlobalSection
	GlobalSection(SolutionProperties) = preSolution
		HideSolutionNode = FALSE
	EndGlobalSection
	GlobalSection(ExtensibilityGlobals) = postSolution
		SolutionGuid = {413F2E46-A706-4675-90A4-F452CB706801}
	EndGlobalSection
EndGlobal
